// !$*UTF8*$!
{
	archiveVersion = 1;
	classes = {
	};
	objectVersion = 55;
	objects = {

/* Begin PBXBuildFile section */
		9A0D783F27A189DC00804E8E /* Models.swift in Sources */ = {isa = PBXBuildFile; fileRef = 9A0D783E27A189DC00804E8E /* Models.swift */; };
		9A0D784127A190B400804E8E /* Mods.swift in Sources */ = {isa = PBXBuildFile; fileRef = 9A0D784027A190B400804E8E /* Mods.swift */; };
		9A13D2A527A98257002064CE /* UserCellView.swift in Sources */ = {isa = PBXBuildFile; fileRef = 9A13D2A427A98257002064CE /* UserCellView.swift */; };
		9A13D2A727A98278002064CE /* GroupCellView.swift in Sources */ = {isa = PBXBuildFile; fileRef = 9A13D2A627A98278002064CE /* GroupCellView.swift */; };
		9A13D2A927A9A07D002064CE /* StartView.swift in Sources */ = {isa = PBXBuildFile; fileRef = 9A13D2A827A9A07D002064CE /* StartView.swift */; };
		9A13D2AB27A9A0F7002064CE /* ContentView.swift in Sources */ = {isa = PBXBuildFile; fileRef = 9A13D2AA27A9A0F7002064CE /* ContentView.swift */; };
		9A13D2AE27A9A47A002064CE /* CommunityListView.swift in Sources */ = {isa = PBXBuildFile; fileRef = 9A13D2AD27A9A47A002064CE /* CommunityListView.swift */; };
		9A13D2B027A9A486002064CE /* FriendsListView.swift in Sources */ = {isa = PBXBuildFile; fileRef = 9A13D2AF27A9A486002064CE /* FriendsListView.swift */; };
		9A13D2B227A9A4AC002064CE /* NewsFeedView.swift in Sources */ = {isa = PBXBuildFile; fileRef = 9A13D2B127A9A4AC002064CE /* NewsFeedView.swift */; };
		9A45D11227B2A63400751C60 /* DetailFriendsListView.swift in Sources */ = {isa = PBXBuildFile; fileRef = 9A45D11127B2A63400751C60 /* DetailFriendsListView.swift */; };
		9A696022279D8CA0008B2CD5 /* SwiftUICourseApp.swift in Sources */ = {isa = PBXBuildFile; fileRef = 9A696021279D8CA0008B2CD5 /* SwiftUICourseApp.swift */; };
		9A696024279D8CA0008B2CD5 /* LoginView.swift in Sources */ = {isa = PBXBuildFile; fileRef = 9A696023279D8CA0008B2CD5 /* LoginView.swift */; };
		9A696026279D8CA1008B2CD5 /* Assets.xcassets in Resources */ = {isa = PBXBuildFile; fileRef = 9A696025279D8CA1008B2CD5 /* Assets.xcassets */; };
		9A696029279D8CA1008B2CD5 /* Preview Assets.xcassets in Resources */ = {isa = PBXBuildFile; fileRef = 9A696028279D8CA1008B2CD5 /* Preview Assets.xcassets */; };
		9A72220C27B4EDBB00731EAA /* FriendsResponseModel.swift in Sources */ = {isa = PBXBuildFile; fileRef = 9A72220B27B4EDBB00731EAA /* FriendsResponseModel.swift */; };
		9A72220F27B4EEB800731EAA /* NetworkService.swift in Sources */ = {isa = PBXBuildFile; fileRef = 9A72220E27B4EEB800731EAA /* NetworkService.swift */; };
		9A72221127B4F09900731EAA /* VKLoginWebView.swift in Sources */ = {isa = PBXBuildFile; fileRef = 9A72221027B4F09900731EAA /* VKLoginWebView.swift */; };
		9A72221627B500CD00731EAA /* FriendModelView.swift in Sources */ = {isa = PBXBuildFile; fileRef = 9A72221527B500CD00731EAA /* FriendModelView.swift */; };
		9A72221927B5053400731EAA /* Kingfisher in Frameworks */ = {isa = PBXBuildFile; productRef = 9A72221827B5053400731EAA /* Kingfisher */; };
		9A72221B27B50E5300731EAA /* GroupViewModel.swift in Sources */ = {isa = PBXBuildFile; fileRef = 9A72221A27B50E5300731EAA /* GroupViewModel.swift */; };
		9A72221D27B50E8800731EAA /* CommunityResponseModel.swift in Sources */ = {isa = PBXBuildFile; fileRef = 9A72221C27B50E8800731EAA /* CommunityResponseModel.swift */; };
		9A72221F27B53ECB00731EAA /* MyPropertyWrapper.swift in Sources */ = {isa = PBXBuildFile; fileRef = 9A72221E27B53ECB00731EAA /* MyPropertyWrapper.swift */; };
		9AF9199427B2B07C007DEE61 /* ASCollectionView in Frameworks */ = {isa = PBXBuildFile; productRef = 9AF9199327B2B07C007DEE61 /* ASCollectionView */; };
		9AF9199627B2B2C3007DEE61 /* DetailFriendImageCell.swift in Sources */ = {isa = PBXBuildFile; fileRef = 9AF9199527B2B2C3007DEE61 /* DetailFriendImageCell.swift */; };
/* End PBXBuildFile section */

/* Begin PBXFileReference section */
		9A0D783E27A189DC00804E8E /* Models.swift */ = {isa = PBXFileReference; lastKnownFileType = sourcecode.swift; path = Models.swift; sourceTree = "<group>"; };
		9A0D784027A190B400804E8E /* Mods.swift */ = {isa = PBXFileReference; lastKnownFileType = sourcecode.swift; path = Mods.swift; sourceTree = "<group>"; };
		9A13D2A427A98257002064CE /* UserCellView.swift */ = {isa = PBXFileReference; lastKnownFileType = sourcecode.swift; path = UserCellView.swift; sourceTree = "<group>"; };
		9A13D2A627A98278002064CE /* GroupCellView.swift */ = {isa = PBXFileReference; lastKnownFileType = sourcecode.swift; path = GroupCellView.swift; sourceTree = "<group>"; };
		9A13D2A827A9A07D002064CE /* StartView.swift */ = {isa = PBXFileReference; lastKnownFileType = sourcecode.swift; path = StartView.swift; sourceTree = "<group>"; };
		9A13D2AA27A9A0F7002064CE /* ContentView.swift */ = {isa = PBXFileReference; lastKnownFileType = sourcecode.swift; path = ContentView.swift; sourceTree = "<group>"; };
		9A13D2AD27A9A47A002064CE /* CommunityListView.swift */ = {isa = PBXFileReference; lastKnownFileType = sourcecode.swift; path = CommunityListView.swift; sourceTree = "<group>"; };
		9A13D2AF27A9A486002064CE /* FriendsListView.swift */ = {isa = PBXFileReference; lastKnownFileType = sourcecode.swift; path = FriendsListView.swift; sourceTree = "<group>"; };
		9A13D2B127A9A4AC002064CE /* NewsFeedView.swift */ = {isa = PBXFileReference; lastKnownFileType = sourcecode.swift; path = NewsFeedView.swift; sourceTree = "<group>"; };
		9A45D11127B2A63400751C60 /* DetailFriendsListView.swift */ = {isa = PBXFileReference; lastKnownFileType = sourcecode.swift; path = DetailFriendsListView.swift; sourceTree = "<group>"; };
		9A69601E279D8CA0008B2CD5 /* SwiftUICourse.app */ = {isa = PBXFileReference; explicitFileType = wrapper.application; includeInIndex = 0; path = SwiftUICourse.app; sourceTree = BUILT_PRODUCTS_DIR; };
		9A696021279D8CA0008B2CD5 /* SwiftUICourseApp.swift */ = {isa = PBXFileReference; lastKnownFileType = sourcecode.swift; path = SwiftUICourseApp.swift; sourceTree = "<group>"; };
		9A696023279D8CA0008B2CD5 /* LoginView.swift */ = {isa = PBXFileReference; lastKnownFileType = sourcecode.swift; path = LoginView.swift; sourceTree = "<group>"; };
		9A696025279D8CA1008B2CD5 /* Assets.xcassets */ = {isa = PBXFileReference; lastKnownFileType = folder.assetcatalog; path = Assets.xcassets; sourceTree = "<group>"; };
		9A696028279D8CA1008B2CD5 /* Preview Assets.xcassets */ = {isa = PBXFileReference; lastKnownFileType = folder.assetcatalog; path = "Preview Assets.xcassets"; sourceTree = "<group>"; };
		9A72220B27B4EDBB00731EAA /* FriendsResponseModel.swift */ = {isa = PBXFileReference; lastKnownFileType = sourcecode.swift; path = FriendsResponseModel.swift; sourceTree = "<group>"; };
		9A72220E27B4EEB800731EAA /* NetworkService.swift */ = {isa = PBXFileReference; lastKnownFileType = sourcecode.swift; path = NetworkService.swift; sourceTree = "<group>"; };
		9A72221027B4F09900731EAA /* VKLoginWebView.swift */ = {isa = PBXFileReference; lastKnownFileType = sourcecode.swift; path = VKLoginWebView.swift; sourceTree = "<group>"; };
		9A72221527B500CD00731EAA /* FriendModelView.swift */ = {isa = PBXFileReference; lastKnownFileType = sourcecode.swift; path = FriendModelView.swift; sourceTree = "<group>"; };
		9A72221A27B50E5300731EAA /* GroupViewModel.swift */ = {isa = PBXFileReference; lastKnownFileType = sourcecode.swift; path = GroupViewModel.swift; sourceTree = "<group>"; };
		9A72221C27B50E8800731EAA /* CommunityResponseModel.swift */ = {isa = PBXFileReference; lastKnownFileType = sourcecode.swift; path = CommunityResponseModel.swift; sourceTree = "<group>"; };
		9A72221E27B53ECB00731EAA /* MyPropertyWrapper.swift */ = {isa = PBXFileReference; lastKnownFileType = sourcecode.swift; path = MyPropertyWrapper.swift; sourceTree = "<group>"; };
		9AF9199527B2B2C3007DEE61 /* DetailFriendImageCell.swift */ = {isa = PBXFileReference; lastKnownFileType = sourcecode.swift; path = DetailFriendImageCell.swift; sourceTree = "<group>"; };
/* End PBXFileReference section */

/* Begin PBXFrameworksBuildPhase section */
		9A69601B279D8CA0008B2CD5 /* Frameworks */ = {
			isa = PBXFrameworksBuildPhase;
			buildActionMask = 2147483647;
			files = (
				9A72221927B5053400731EAA /* Kingfisher in Frameworks */,
				9AF9199427B2B07C007DEE61 /* ASCollectionView in Frameworks */,
			);
			runOnlyForDeploymentPostprocessing = 0;
		};
/* End PBXFrameworksBuildPhase section */

/* Begin PBXGroup section */
		9A13D2AC27A9A44C002064CE /* ContentViews */ = {
			isa = PBXGroup;
			children = (
				9A72221027B4F09900731EAA /* VKLoginWebView.swift */,
				9A13D2A827A9A07D002064CE /* StartView.swift */,
				9A13D2AA27A9A0F7002064CE /* ContentView.swift */,
				9A696023279D8CA0008B2CD5 /* LoginView.swift */,
				9A13D2AF27A9A486002064CE /* FriendsListView.swift */,
				9A45D11127B2A63400751C60 /* DetailFriendsListView.swift */,
				9A13D2AD27A9A47A002064CE /* CommunityListView.swift */,
				9A13D2B127A9A4AC002064CE /* NewsFeedView.swift */,
				9A705ABB27A9BFB900AB95D9 /* CellViews */,
			);
			path = ContentViews;
			sourceTree = "<group>";
		};
		9A696015279D8CA0008B2CD5 = {
			isa = PBXGroup;
			children = (
				9A696020279D8CA0008B2CD5 /* SwiftUICourse */,
				9A69601F279D8CA0008B2CD5 /* Products */,
			);
			sourceTree = "<group>";
		};
		9A69601F279D8CA0008B2CD5 /* Products */ = {
			isa = PBXGroup;
			children = (
				9A69601E279D8CA0008B2CD5 /* SwiftUICourse.app */,
			);
			name = Products;
			sourceTree = "<group>";
		};
		9A696020279D8CA0008B2CD5 /* SwiftUICourse */ = {
			isa = PBXGroup;
			children = (
				9A72221427B500C300731EAA /* ViewModels */,
				9A72220D27B4EEA900731EAA /* Network */,
				9A72220A27B4EDA800731EAA /* Models */,
				9A13D2AC27A9A44C002064CE /* ContentViews */,
				9A696021279D8CA0008B2CD5 /* SwiftUICourseApp.swift */,
				9A0D784027A190B400804E8E /* Mods.swift */,
				9A696025279D8CA1008B2CD5 /* Assets.xcassets */,
				9A696027279D8CA1008B2CD5 /* Preview Content */,
				9A72221E27B53ECB00731EAA /* MyPropertyWrapper.swift */,
			);
			path = SwiftUICourse;
			sourceTree = "<group>";
		};
		9A696027279D8CA1008B2CD5 /* Preview Content */ = {
			isa = PBXGroup;
			children = (
				9A696028279D8CA1008B2CD5 /* Preview Assets.xcassets */,
			);
			path = "Preview Content";
			sourceTree = "<group>";
		};
		9A705ABB27A9BFB900AB95D9 /* CellViews */ = {
			isa = PBXGroup;
			children = (
				9A13D2A427A98257002064CE /* UserCellView.swift */,
				9A13D2A627A98278002064CE /* GroupCellView.swift */,
				9AF9199527B2B2C3007DEE61 /* DetailFriendImageCell.swift */,
			);
			path = CellViews;
			sourceTree = "<group>";
		};
		9A72220A27B4EDA800731EAA /* Models */ = {
			isa = PBXGroup;
			children = (
				9A0D783E27A189DC00804E8E /* Models.swift */,
				9A72220B27B4EDBB00731EAA /* FriendsResponseModel.swift */,
				9A72221C27B50E8800731EAA /* CommunityResponseModel.swift */,
			);
			path = Models;
			sourceTree = "<group>";
		};
		9A72220D27B4EEA900731EAA /* Network */ = {
			isa = PBXGroup;
			children = (
				9A72220E27B4EEB800731EAA /* NetworkService.swift */,
			);
			path = Network;
			sourceTree = "<group>";
		};
		9A72221427B500C300731EAA /* ViewModels */ = {
			isa = PBXGroup;
			children = (
				9A72221527B500CD00731EAA /* FriendModelView.swift */,
				9A72221A27B50E5300731EAA /* GroupViewModel.swift */,
			);
			path = ViewModels;
			sourceTree = "<group>";
		};
/* End PBXGroup section */

/* Begin PBXNativeTarget section */
		9A69601D279D8CA0008B2CD5 /* SwiftUICourse */ = {
			isa = PBXNativeTarget;
			buildConfigurationList = 9A69602C279D8CA1008B2CD5 /* Build configuration list for PBXNativeTarget "SwiftUICourse" */;
			buildPhases = (
				9A69601A279D8CA0008B2CD5 /* Sources */,
				9A69601B279D8CA0008B2CD5 /* Frameworks */,
				9A69601C279D8CA0008B2CD5 /* Resources */,
			);
			buildRules = (
			);
			dependencies = (
			);
			name = SwiftUICourse;
			packageProductDependencies = (
				9AF9199327B2B07C007DEE61 /* ASCollectionView */,
				9A72221827B5053400731EAA /* Kingfisher */,
			);
			productName = SwiftUICourse;
			productReference = 9A69601E279D8CA0008B2CD5 /* SwiftUICourse.app */;
			productType = "com.apple.product-type.application";
		};
/* End PBXNativeTarget section */

/* Begin PBXProject section */
		9A696016279D8CA0008B2CD5 /* Project object */ = {
			isa = PBXProject;
			attributes = {
				BuildIndependentTargetsInParallel = 1;
				LastSwiftUpdateCheck = 1320;
				LastUpgradeCheck = 1320;
				TargetAttributes = {
					9A69601D279D8CA0008B2CD5 = {
						CreatedOnToolsVersion = 13.2.1;
					};
				};
			};
			buildConfigurationList = 9A696019279D8CA0008B2CD5 /* Build configuration list for PBXProject "SwiftUICourse" */;
			compatibilityVersion = "Xcode 13.0";
			developmentRegion = en;
			hasScannedForEncodings = 0;
			knownRegions = (
				en,
				Base,
			);
			mainGroup = 9A696015279D8CA0008B2CD5;
			packageReferences = (
				9AF9199227B2B07C007DEE61 /* XCRemoteSwiftPackageReference "ASCollectionView" */,
				9A72221727B5053400731EAA /* XCRemoteSwiftPackageReference "Kingfisher" */,
			);
			productRefGroup = 9A69601F279D8CA0008B2CD5 /* Products */;
			projectDirPath = "";
			projectRoot = "";
			targets = (
				9A69601D279D8CA0008B2CD5 /* SwiftUICourse */,
			);
		};
/* End PBXProject section */

/* Begin PBXResourcesBuildPhase section */
		9A69601C279D8CA0008B2CD5 /* Resources */ = {
			isa = PBXResourcesBuildPhase;
			buildActionMask = 2147483647;
			files = (
				9A696029279D8CA1008B2CD5 /* Preview Assets.xcassets in Resources */,
				9A696026279D8CA1008B2CD5 /* Assets.xcassets in Resources */,
			);
			runOnlyForDeploymentPostprocessing = 0;
		};
/* End PBXResourcesBuildPhase section */

/* Begin PBXSourcesBuildPhase section */
		9A69601A279D8CA0008B2CD5 /* Sources */ = {
			isa = PBXSourcesBuildPhase;
			buildActionMask = 2147483647;
			files = (
				9A0D784127A190B400804E8E /* Mods.swift in Sources */,
				9A72221D27B50E8800731EAA /* CommunityResponseModel.swift in Sources */,
				9A72221F27B53ECB00731EAA /* MyPropertyWrapper.swift in Sources */,
				9A13D2B027A9A486002064CE /* FriendsListView.swift in Sources */,
				9A72221B27B50E5300731EAA /* GroupViewModel.swift in Sources */,
				9A72221127B4F09900731EAA /* VKLoginWebView.swift in Sources */,
				9AF9199627B2B2C3007DEE61 /* DetailFriendImageCell.swift in Sources */,
				9A696024279D8CA0008B2CD5 /* LoginView.swift in Sources */,
				9A13D2AB27A9A0F7002064CE /* ContentView.swift in Sources */,
				9A0D783F27A189DC00804E8E /* Models.swift in Sources */,
				9A72221627B500CD00731EAA /* FriendModelView.swift in Sources */,
				9A13D2A527A98257002064CE /* UserCellView.swift in Sources */,
				9A13D2AE27A9A47A002064CE /* CommunityListView.swift in Sources */,
				9A13D2A727A98278002064CE /* GroupCellView.swift in Sources */,
				9A13D2A927A9A07D002064CE /* StartView.swift in Sources */,
				9A72220F27B4EEB800731EAA /* NetworkService.swift in Sources */,
				9A13D2B227A9A4AC002064CE /* NewsFeedView.swift in Sources */,
				9A696022279D8CA0008B2CD5 /* SwiftUICourseApp.swift in Sources */,
				9A72220C27B4EDBB00731EAA /* FriendsResponseModel.swift in Sources */,
				9A45D11227B2A63400751C60 /* DetailFriendsListView.swift in Sources */,
			);
			runOnlyForDeploymentPostprocessing = 0;
		};
/* End PBXSourcesBuildPhase section */

/* Begin XCBuildConfiguration section */
		9A69602A279D8CA1008B2CD5 /* Debug */ = {
			isa = XCBuildConfiguration;
			buildSettings = {
				ALWAYS_SEARCH_USER_PATHS = NO;
				CLANG_ANALYZER_NONNULL = YES;
				CLANG_ANALYZER_NUMBER_OBJECT_CONVERSION = YES_AGGRESSIVE;
				CLANG_CXX_LANGUAGE_STANDARD = "gnu++17";
				CLANG_CXX_LIBRARY = "libc++";
				CLANG_ENABLE_MODULES = YES;
				CLANG_ENABLE_OBJC_ARC = YES;
				CLANG_ENABLE_OBJC_WEAK = YES;
				CLANG_WARN_BLOCK_CAPTURE_AUTORELEASING = YES;
				CLANG_WARN_BOOL_CONVERSION = YES;
				CLANG_WARN_COMMA = YES;
				CLANG_WARN_CONSTANT_CONVERSION = YES;
				CLANG_WARN_DEPRECATED_OBJC_IMPLEMENTATIONS = YES;
				CLANG_WARN_DIRECT_OBJC_ISA_USAGE = YES_ERROR;
				CLANG_WARN_DOCUMENTATION_COMMENTS = YES;
				CLANG_WARN_EMPTY_BODY = YES;
				CLANG_WARN_ENUM_CONVERSION = YES;
				CLANG_WARN_INFINITE_RECURSION = YES;
				CLANG_WARN_INT_CONVERSION = YES;
				CLANG_WARN_NON_LITERAL_NULL_CONVERSION = YES;
				CLANG_WARN_OBJC_IMPLICIT_RETAIN_SELF = YES;
				CLANG_WARN_OBJC_LITERAL_CONVERSION = YES;
				CLANG_WARN_OBJC_ROOT_CLASS = YES_ERROR;
				CLANG_WARN_QUOTED_INCLUDE_IN_FRAMEWORK_HEADER = YES;
				CLANG_WARN_RANGE_LOOP_ANALYSIS = YES;
				CLANG_WARN_STRICT_PROTOTYPES = YES;
				CLANG_WARN_SUSPICIOUS_MOVE = YES;
				CLANG_WARN_UNGUARDED_AVAILABILITY = YES_AGGRESSIVE;
				CLANG_WARN_UNREACHABLE_CODE = YES;
				CLANG_WARN__DUPLICATE_METHOD_MATCH = YES;
				COPY_PHASE_STRIP = NO;
				DEBUG_INFORMATION_FORMAT = dwarf;
				ENABLE_STRICT_OBJC_MSGSEND = YES;
				ENABLE_TESTABILITY = YES;
				GCC_C_LANGUAGE_STANDARD = gnu11;
				GCC_DYNAMIC_NO_PIC = NO;
				GCC_NO_COMMON_BLOCKS = YES;
				GCC_OPTIMIZATION_LEVEL = 0;
				GCC_PREPROCESSOR_DEFINITIONS = (
					"DEBUG=1",
					"$(inherited)",
				);
				GCC_WARN_64_TO_32_BIT_CONVERSION = YES;
				GCC_WARN_ABOUT_RETURN_TYPE = YES_ERROR;
				GCC_WARN_UNDECLARED_SELECTOR = YES;
				GCC_WARN_UNINITIALIZED_AUTOS = YES_AGGRESSIVE;
				GCC_WARN_UNUSED_FUNCTION = YES;
				GCC_WARN_UNUSED_VARIABLE = YES;
				IPHONEOS_DEPLOYMENT_TARGET = 15.2;
				MTL_ENABLE_DEBUG_INFO = INCLUDE_SOURCE;
				MTL_FAST_MATH = YES;
				ONLY_ACTIVE_ARCH = YES;
				SDKROOT = iphoneos;
				SWIFT_ACTIVE_COMPILATION_CONDITIONS = DEBUG;
				SWIFT_OPTIMIZATION_LEVEL = "-Onone";
			};
			name = Debug;
		};
		9A69602B279D8CA1008B2CD5 /* Release */ = {
			isa = XCBuildConfiguration;
			buildSettings = {
				ALWAYS_SEARCH_USER_PATHS = NO;
				CLANG_ANALYZER_NONNULL = YES;
				CLANG_ANALYZER_NUMBER_OBJECT_CONVERSION = YES_AGGRESSIVE;
				CLANG_CXX_LANGUAGE_STANDARD = "gnu++17";
				CLANG_CXX_LIBRARY = "libc++";
				CLANG_ENABLE_MODULES = YES;
				CLANG_ENABLE_OBJC_ARC = YES;
				CLANG_ENABLE_OBJC_WEAK = YES;
				CLANG_WARN_BLOCK_CAPTURE_AUTORELEASING = YES;
				CLANG_WARN_BOOL_CONVERSION = YES;
				CLANG_WARN_COMMA = YES;
				CLANG_WARN_CONSTANT_CONVERSION = YES;
				CLANG_WARN_DEPRECATED_OBJC_IMPLEMENTATIONS = YES;
				CLANG_WARN_DIRECT_OBJC_ISA_USAGE = YES_ERROR;
				CLANG_WARN_DOCUMENTATION_COMMENTS = YES;
				CLANG_WARN_EMPTY_BODY = YES;
				CLANG_WARN_ENUM_CONVERSION = YES;
				CLANG_WARN_INFINITE_RECURSION = YES;
				CLANG_WARN_INT_CONVERSION = YES;
				CLANG_WARN_NON_LITERAL_NULL_CONVERSION = YES;
				CLANG_WARN_OBJC_IMPLICIT_RETAIN_SELF = YES;
				CLANG_WARN_OBJC_LITERAL_CONVERSION = YES;
				CLANG_WARN_OBJC_ROOT_CLASS = YES_ERROR;
				CLANG_WARN_QUOTED_INCLUDE_IN_FRAMEWORK_HEADER = YES;
				CLANG_WARN_RANGE_LOOP_ANALYSIS = YES;
				CLANG_WARN_STRICT_PROTOTYPES = YES;
				CLANG_WARN_SUSPICIOUS_MOVE = YES;
				CLANG_WARN_UNGUARDED_AVAILABILITY = YES_AGGRESSIVE;
				CLANG_WARN_UNREACHABLE_CODE = YES;
				CLANG_WARN__DUPLICATE_METHOD_MATCH = YES;
				COPY_PHASE_STRIP = NO;
				DEBUG_INFORMATION_FORMAT = "dwarf-with-dsym";
				ENABLE_NS_ASSERTIONS = NO;
				ENABLE_STRICT_OBJC_MSGSEND = YES;
				GCC_C_LANGUAGE_STANDARD = gnu11;
				GCC_NO_COMMON_BLOCKS = YES;
				GCC_WARN_64_TO_32_BIT_CONVERSION = YES;
				GCC_WARN_ABOUT_RETURN_TYPE = YES_ERROR;
				GCC_WARN_UNDECLARED_SELECTOR = YES;
				GCC_WARN_UNINITIALIZED_AUTOS = YES_AGGRESSIVE;
				GCC_WARN_UNUSED_FUNCTION = YES;
				GCC_WARN_UNUSED_VARIABLE = YES;
				IPHONEOS_DEPLOYMENT_TARGET = 15.2;
				MTL_ENABLE_DEBUG_INFO = NO;
				MTL_FAST_MATH = YES;
				SDKROOT = iphoneos;
				SWIFT_COMPILATION_MODE = wholemodule;
				SWIFT_OPTIMIZATION_LEVEL = "-O";
				VALIDATE_PRODUCT = YES;
			};
			name = Release;
		};
		9A69602D279D8CA1008B2CD5 /* Debug */ = {
			isa = XCBuildConfiguration;
			buildSettings = {
				ASSETCATALOG_COMPILER_APPICON_NAME = AppIcon;
				ASSETCATALOG_COMPILER_GLOBAL_ACCENT_COLOR_NAME = AccentColor;
				CODE_SIGN_STYLE = Automatic;
				CURRENT_PROJECT_VERSION = 1;
				DEVELOPMENT_ASSET_PATHS = "\"SwiftUICourse/Preview Content\"";
				DEVELOPMENT_TEAM = 577HJL96V9;
				ENABLE_PREVIEWS = YES;
				GENERATE_INFOPLIST_FILE = YES;
				INFOPLIST_KEY_UIApplicationSceneManifest_Generation = YES;
				INFOPLIST_KEY_UIApplicationSupportsIndirectInputEvents = YES;
				INFOPLIST_KEY_UILaunchScreen_Generation = YES;
				INFOPLIST_KEY_UISupportedInterfaceOrientations_iPad = "UIInterfaceOrientationPortrait UIInterfaceOrientationPortraitUpsideDown UIInterfaceOrientationLandscapeLeft UIInterfaceOrientationLandscapeRight";
				INFOPLIST_KEY_UISupportedInterfaceOrientations_iPhone = "UIInterfaceOrientationPortrait UIInterfaceOrientationLandscapeLeft UIInterfaceOrientationLandscapeRight";
				LD_RUNPATH_SEARCH_PATHS = (
					"$(inherited)",
					"@executable_path/Frameworks",
				);
				MARKETING_VERSION = 1.0;
				PRODUCT_BUNDLE_IDENTIFIER = nilProduction.SwiftUICourse;
				PRODUCT_NAME = "$(TARGET_NAME)";
				SWIFT_EMIT_LOC_STRINGS = YES;
				SWIFT_VERSION = 5.0;
				TARGETED_DEVICE_FAMILY = "1,2";
			};
			name = Debug;
		};
		9A69602E279D8CA1008B2CD5 /* Release */ = {
			isa = XCBuildConfiguration;
			buildSettings = {
				ASSETCATALOG_COMPILER_APPICON_NAME = AppIcon;
				ASSETCATALOG_COMPILER_GLOBAL_ACCENT_COLOR_NAME = AccentColor;
				CODE_SIGN_STYLE = Automatic;
				CURRENT_PROJECT_VERSION = 1;
				DEVELOPMENT_ASSET_PATHS = "\"SwiftUICourse/Preview Content\"";
				DEVELOPMENT_TEAM = 577HJL96V9;
				ENABLE_PREVIEWS = YES;
				GENERATE_INFOPLIST_FILE = YES;
				INFOPLIST_KEY_UIApplicationSceneManifest_Generation = YES;
				INFOPLIST_KEY_UIApplicationSupportsIndirectInputEvents = YES;
				INFOPLIST_KEY_UILaunchScreen_Generation = YES;
				INFOPLIST_KEY_UISupportedInterfaceOrientations_iPad = "UIInterfaceOrientationPortrait UIInterfaceOrientationPortraitUpsideDown UIInterfaceOrientationLandscapeLeft UIInterfaceOrientationLandscapeRight";
				INFOPLIST_KEY_UISupportedInterfaceOrientations_iPhone = "UIInterfaceOrientationPortrait UIInterfaceOrientationLandscapeLeft UIInterfaceOrientationLandscapeRight";
				LD_RUNPATH_SEARCH_PATHS = (
					"$(inherited)",
					"@executable_path/Frameworks",
				);
				MARKETING_VERSION = 1.0;
				PRODUCT_BUNDLE_IDENTIFIER = nilProduction.SwiftUICourse;
				PRODUCT_NAME = "$(TARGET_NAME)";
				SWIFT_EMIT_LOC_STRINGS = YES;
				SWIFT_VERSION = 5.0;
				TARGETED_DEVICE_FAMILY = "1,2";
			};
			name = Release;
		};
/* End XCBuildConfiguration section */

/* Begin XCConfigurationList section */
		9A696019279D8CA0008B2CD5 /* Build configuration list for PBXProject "SwiftUICourse" */ = {
			isa = XCConfigurationList;
			buildConfigurations = (
				9A69602A279D8CA1008B2CD5 /* Debug */,
				9A69602B279D8CA1008B2CD5 /* Release */,
			);
			defaultConfigurationIsVisible = 0;
			defaultConfigurationName = Release;
		};
		9A69602C279D8CA1008B2CD5 /* Build configuration list for PBXNativeTarget "SwiftUICourse" */ = {
			isa = XCConfigurationList;
			buildConfigurations = (
				9A69602D279D8CA1008B2CD5 /* Debug */,
				9A69602E279D8CA1008B2CD5 /* Release */,
			);
			defaultConfigurationIsVisible = 0;
			defaultConfigurationName = Release;
		};
/* End XCConfigurationList section */

/* Begin XCRemoteSwiftPackageReference section */
		9A72221727B5053400731EAA /* XCRemoteSwiftPackageReference "Kingfisher" */ = {
			isa = XCRemoteSwiftPackageReference;
			repositoryURL = "https://github.com/onevcat/Kingfisher.git";
			requirement = {
				branch = master;
				kind = branch;
			};
		};
		9AF9199227B2B07C007DEE61 /* XCRemoteSwiftPackageReference "ASCollectionView" */ = {
			isa = XCRemoteSwiftPackageReference;
			repositoryURL = "https://github.com/apptekstudios/ASCollectionView";
			requirement = {
				kind = upToNextMinorVersion;
				minimumVersion = 2.1.0;
			};
		};
/* End XCRemoteSwiftPackageReference section */

/* Begin XCSwiftPackageProductDependency section */
		9A72221827B5053400731EAA /* Kingfisher */ = {
			isa = XCSwiftPackageProductDependency;
			package = 9A72221727B5053400731EAA /* XCRemoteSwiftPackageReference "Kingfisher" */;
			productName = Kingfisher;
		};
		9AF9199327B2B07C007DEE61 /* ASCollectionView */ = {
			isa = XCSwiftPackageProductDependency;
			package = 9AF9199227B2B07C007DEE61 /* XCRemoteSwiftPackageReference "ASCollectionView" */;
			productName = ASCollectionView;
		};
/* End XCSwiftPackageProductDependency section */
	};
	rootObject = 9A696016279D8CA0008B2CD5 /* Project object */;
}
